
Microsoft Visual Studio Solution File, Format Version 12.00
# Visual Studio 15
VisualStudioVersion = 15.0.28307.421
MinimumVisualStudioVersion = 10.0.40219.1
Project("{FAE04EC0-301F-11D3-BF4B-00C04F79EFBC}") = "TrangSuc", "TrangSuc\TrangSuc.csproj", "{95F66B27-B437-491E-BFCD-5C4456CF24A2}"
EndProject
Global
	GlobalSection(SolutionConfigurationPlatforms) = preSolution
		Debug|Any CPU = Debug|Any CPU
		Release|Any CPU = Release|Any CPU
	EndGlobalSection
	GlobalSection(ProjectConfigurationPlatforms) = postSolution
		{95F66B27-B437-491E-BFCD-5C4456CF24A2}.Debug|Any CPU.ActiveCfg = Debug|Any CPU
		{95F66B27-B437-491E-BFCD-5C4456CF24A2}.Debug|Any CPU.Build.0 = Debug|Any CPU
		{95F66B27-B437-491E-BFCD-5C4456CF24A2}.Release|Any CPU.ActiveCfg = Release|Any CPU
		{95F66B27-B437-491E-BFCD-5C4456CF24A2}.Release|Any CPU.Build.0 = Release|Any CPU
	EndGlobalSection
	GlobalSection(SolutionProperties) = preSolution
		HideSolutionNode = FALSE
	EndGlobalSection
	GlobalSection(ExtensibilityGlobals) = postSolution
		SolutionGuid = {2ADF5B1E-BEE2-432F-A759-62BAC14FD1C0}
	EndGlobalSection
EndGlobal
